
Microsoft Visual Studio Solution File, Format Version 12.00
# Visual Studio 14
VisualStudioVersion = 14.0.25420.1
MinimumVisualStudioVersion = 10.0.40219.1
Project("{2150E333-8FDC-42A3-9474-1A3956D46DE8}") = "src", "src", "{F60E6F1B-6750-47F7-BFC4-58F18F0277BD}"
EndProject
Project("{2150E333-8FDC-42A3-9474-1A3956D46DE8}") = "Solution Items", "Solution Items", "{C84F9BC8-C329-4E58-B99B-9A6821D9784A}"
	ProjectSection(SolutionItems) = preProject
		global.json = global.json
	EndProjectSection
EndProject
Project("{8BB2217D-0F2D-49D1-97BC-3654ED321F3B}") = "The World", "src\The World\The World.xproj", "{19351F9B-3CD6-466E-8040-7105D4FEDF8B}"
EndProject
Global
	GlobalSection(SolutionConfigurationPlatforms) = preSolution
		Debug|Any CPU = Debug|Any CPU
		Release|Any CPU = Release|Any CPU
	EndGlobalSection
	GlobalSection(ProjectConfigurationPlatforms) = postSolution
		{19351F9B-3CD6-466E-8040-7105D4FEDF8B}.Debug|Any CPU.ActiveCfg = Debug|Any CPU
		{19351F9B-3CD6-466E-8040-7105D4FEDF8B}.Debug|Any CPU.Build.0 = Debug|Any CPU
		{19351F9B-3CD6-466E-8040-7105D4FEDF8B}.Release|Any CPU.ActiveCfg = Release|Any CPU
		{19351F9B-3CD6-466E-8040-7105D4FEDF8B}.Release|Any CPU.Build.0 = Release|Any CPU
	EndGlobalSection
	GlobalSection(SolutionProperties) = preSolution
		HideSolutionNode = FALSE
	EndGlobalSection
	GlobalSection(NestedProjects) = preSolution
		{19351F9B-3CD6-466E-8040-7105D4FEDF8B} = {F60E6F1B-6750-47F7-BFC4-58F18F0277BD}
	EndGlobalSection
EndGlobal
